lockfileVersion: '9.0'

settings:
  autoInstallPeers: true
  excludeLinksFromLockfile: false

importers:

  .:
    dependencies:
      '@axiomhq/js':
        specifier: ^1.3.1
        version: 1.3.1
      '@hono/node-server':
        specifier: ^1.13.7
        version: 1.13.7(hono@4.6.19)
      '@observablehq/plot':
        specifier: ^0.6.16
        version: 0.6.16
      '@types/asciichart':
        specifier: ^1.5.8
        version: 1.5.8
      asciichart:
        specifier: ^1.5.25
        version: 1.5.25
      hono:
        specifier: ^4.6.19
        version: 4.6.19
      ndjson:
        specifier: ^2.0.0
        version: 2.0.0
    devDependencies:
      '@types/node':
        specifier: ^20.11.17
        version: 20.17.16
      tsx:
        specifier: ^4.7.1
        version: 4.19.2

packages:

  '@axiomhq/js@1.3.1':
    resolution: {integrity: sha512-Ytf5V3wKz8FKNiqJxnqZmUhjgJ7TItKUoyHVNE/H2V9dN1ozD6NNnsueenOjKdA48cm2sGRyP432nworst18aA==}
    engines: {node: '>=16'}

  '@esbuild/aix-ppc64@0.23.1':
    resolution: {integrity: sha512-6VhYk1diRqrhBAqpJEdjASR/+WVRtfjpqKuNw11cLiaWpAT/Uu+nokB+UJnevzy/P9C/ty6AOe0dwueMrGh/iQ==}
    engines: {node: '>=18'}
    cpu: [ppc64]
    os: [aix]

  '@esbuild/android-arm64@0.23.1':
    resolution: {integrity: sha512-xw50ipykXcLstLeWH7WRdQuysJqejuAGPd30vd1i5zSyKK3WE+ijzHmLKxdiCMtH1pHz78rOg0BKSYOSB/2Khw==}
    engines: {node: '>=18'}
    cpu: [arm64]
    os: [android]

  '@esbuild/android-arm@0.23.1':
    resolution: {integrity: sha512-uz6/tEy2IFm9RYOyvKl88zdzZfwEfKZmnX9Cj1BHjeSGNuGLuMD1kR8y5bteYmwqKm1tj8m4cb/aKEorr6fHWQ==}
    engines: {node: '>=18'}
    cpu: [arm]
    os: [android]

  '@esbuild/android-x64@0.23.1':
    resolution: {integrity: sha512-nlN9B69St9BwUoB+jkyU090bru8L0NA3yFvAd7k8dNsVH8bi9a8cUAUSEcEEgTp2z3dbEDGJGfP6VUnkQnlReg==}
    engines: {node: '>=18'}
    cpu: [x64]
    os: [android]

  '@esbuild/darwin-arm64@0.23.1':
    resolution: {integrity: sha512-YsS2e3Wtgnw7Wq53XXBLcV6JhRsEq8hkfg91ESVadIrzr9wO6jJDMZnCQbHm1Guc5t/CdDiFSSfWP58FNuvT3Q==}
    engines: {node: '>=18'}
    cpu: [arm64]
    os: [darwin]

  '@esbuild/darwin-x64@0.23.1':
    resolution: {integrity: sha512-aClqdgTDVPSEGgoCS8QDG37Gu8yc9lTHNAQlsztQ6ENetKEO//b8y31MMu2ZaPbn4kVsIABzVLXYLhCGekGDqw==}
    engines: {node: '>=18'}
    cpu: [x64]
    os: [darwin]

  '@esbuild/freebsd-arm64@0.23.1':
    resolution: {integrity: sha512-h1k6yS8/pN/NHlMl5+v4XPfikhJulk4G+tKGFIOwURBSFzE8bixw1ebjluLOjfwtLqY0kewfjLSrO6tN2MgIhA==}
    engines: {node: '>=18'}
    cpu: [arm64]
    os: [freebsd]

  '@esbuild/freebsd-x64@0.23.1':
    resolution: {integrity: sha512-lK1eJeyk1ZX8UklqFd/3A60UuZ/6UVfGT2LuGo3Wp4/z7eRTRYY+0xOu2kpClP+vMTi9wKOfXi2vjUpO1Ro76g==}
    engines: {node: '>=18'}
    cpu: [x64]
    os: [freebsd]

  '@esbuild/linux-arm64@0.23.1':
    resolution: {integrity: sha512-/93bf2yxencYDnItMYV/v116zff6UyTjo4EtEQjUBeGiVpMmffDNUyD9UN2zV+V3LRV3/on4xdZ26NKzn6754g==}
    engines: {node: '>=18'}
    cpu: [arm64]
    os: [linux]

  '@esbuild/linux-arm@0.23.1':
    resolution: {integrity: sha512-CXXkzgn+dXAPs3WBwE+Kvnrf4WECwBdfjfeYHpMeVxWE0EceB6vhWGShs6wi0IYEqMSIzdOF1XjQ/Mkm5d7ZdQ==}
    engines: {node: '>=18'}
    cpu: [arm]
    os: [linux]

  '@esbuild/linux-ia32@0.23.1':
    resolution: {integrity: sha512-VTN4EuOHwXEkXzX5nTvVY4s7E/Krz7COC8xkftbbKRYAl96vPiUssGkeMELQMOnLOJ8k3BY1+ZY52tttZnHcXQ==}
    engines: {node: '>=18'}
    cpu: [ia32]
    os: [linux]

  '@esbuild/linux-loong64@0.23.1':
    resolution: {integrity: sha512-Vx09LzEoBa5zDnieH8LSMRToj7ir/Jeq0Gu6qJ/1GcBq9GkfoEAoXvLiW1U9J1qE/Y/Oyaq33w5p2ZWrNNHNEw==}
    engines: {node: '>=18'}
    cpu: [loong64]
    os: [linux]

  '@esbuild/linux-mips64el@0.23.1':
    resolution: {integrity: sha512-nrFzzMQ7W4WRLNUOU5dlWAqa6yVeI0P78WKGUo7lg2HShq/yx+UYkeNSE0SSfSure0SqgnsxPvmAUu/vu0E+3Q==}
    engines: {node: '>=18'}
    cpu: [mips64el]
    os: [linux]

  '@esbuild/linux-ppc64@0.23.1':
    resolution: {integrity: sha512-dKN8fgVqd0vUIjxuJI6P/9SSSe/mB9rvA98CSH2sJnlZ/OCZWO1DJvxj8jvKTfYUdGfcq2dDxoKaC6bHuTlgcw==}
    engines: {node: '>=18'}
    cpu: [ppc64]
    os: [linux]

  '@esbuild/linux-riscv64@0.23.1':
    resolution: {integrity: sha512-5AV4Pzp80fhHL83JM6LoA6pTQVWgB1HovMBsLQ9OZWLDqVY8MVobBXNSmAJi//Csh6tcY7e7Lny2Hg1tElMjIA==}
    engines: {node: '>=18'}
    cpu: [riscv64]
    os: [linux]

  '@esbuild/linux-s390x@0.23.1':
    resolution: {integrity: sha512-9ygs73tuFCe6f6m/Tb+9LtYxWR4c9yg7zjt2cYkjDbDpV/xVn+68cQxMXCjUpYwEkze2RcU/rMnfIXNRFmSoDw==}
    engines: {node: '>=18'}
    cpu: [s390x]
    os: [linux]

  '@esbuild/linux-x64@0.23.1':
    resolution: {integrity: sha512-EV6+ovTsEXCPAp58g2dD68LxoP/wK5pRvgy0J/HxPGB009omFPv3Yet0HiaqvrIrgPTBuC6wCH1LTOY91EO5hQ==}
    engines: {node: '>=18'}
    cpu: [x64]
    os: [linux]

  '@esbuild/netbsd-x64@0.23.1':
    resolution: {integrity: sha512-aevEkCNu7KlPRpYLjwmdcuNz6bDFiE7Z8XC4CPqExjTvrHugh28QzUXVOZtiYghciKUacNktqxdpymplil1beA==}
    engines: {node: '>=18'}
    cpu: [x64]
    os: [netbsd]

  '@esbuild/openbsd-arm64@0.23.1':
    resolution: {integrity: sha512-3x37szhLexNA4bXhLrCC/LImN/YtWis6WXr1VESlfVtVeoFJBRINPJ3f0a/6LV8zpikqoUg4hyXw0sFBt5Cr+Q==}
    engines: {node: '>=18'}
    cpu: [arm64]
    os: [openbsd]

  '@esbuild/openbsd-x64@0.23.1':
    resolution: {integrity: sha512-aY2gMmKmPhxfU+0EdnN+XNtGbjfQgwZj43k8G3fyrDM/UdZww6xrWxmDkuz2eCZchqVeABjV5BpildOrUbBTqA==}
    engines: {node: '>=18'}
    cpu: [x64]
    os: [openbsd]

  '@esbuild/sunos-x64@0.23.1':
    resolution: {integrity: sha512-RBRT2gqEl0IKQABT4XTj78tpk9v7ehp+mazn2HbUeZl1YMdaGAQqhapjGTCe7uw7y0frDi4gS0uHzhvpFuI1sA==}
    engines: {node: '>=18'}
    cpu: [x64]
    os: [sunos]

  '@esbuild/win32-arm64@0.23.1':
    resolution: {integrity: sha512-4O+gPR5rEBe2FpKOVyiJ7wNDPA8nGzDuJ6gN4okSA1gEOYZ67N8JPk58tkWtdtPeLz7lBnY6I5L3jdsr3S+A6A==}
    engines: {node: '>=18'}
    cpu: [arm64]
    os: [win32]

  '@esbuild/win32-ia32@0.23.1':
    resolution: {integrity: sha512-BcaL0Vn6QwCwre3Y717nVHZbAa4UBEigzFm6VdsVdT/MbZ38xoj1X9HPkZhbmaBGUD1W8vxAfffbDe8bA6AKnQ==}
    engines: {node: '>=18'}
    cpu: [ia32]
    os: [win32]

  '@esbuild/win32-x64@0.23.1':
    resolution: {integrity: sha512-BHpFFeslkWrXWyUPnbKm+xYYVYruCinGcftSBaa8zoF9hZO4BcSCFUvHVTtzpIY6YzUnYtuEhZ+C9iEXjxnasg==}
    engines: {node: '>=18'}
    cpu: [x64]
    os: [win32]

  '@hono/node-server@1.13.7':
    resolution: {integrity: sha512-kTfUMsoloVKtRA2fLiGSd9qBddmru9KadNyhJCwgKBxTiNkaAJEwkVN9KV/rS4HtmmNRtUh6P+YpmjRMl0d9vQ==}
    engines: {node: '>=18.14.1'}
    peerDependencies:
      hono: ^4

  '@observablehq/plot@0.6.16':
    resolution: {integrity: sha512-LRi9Rn93yUx90MIo2Md7+vazxO3Wiat14but2ttCER0xVS+jnfoUjuCGoz6H7bz/lgI9CFcW0HWlvWjMFjAv8g==}
    engines: {node: '>=12'}

  '@types/asciichart@1.5.8':
    resolution: {integrity: sha512-8yzgCUybv8/yUfj4WeTh7G+V+AxU7AzwsF2CrkTtARKHdrxE/EiByF2efUMj6qdm87tENucNu6pLs22RWU0H7g==}

  '@types/node@20.17.16':
    resolution: {integrity: sha512-vOTpLduLkZXePLxHiHsBLp98mHGnl8RptV4YAO3HfKO5UHjDvySGbxKtpYfy8Sx5+WKcgc45qNreJJRVM3L6mw==}

  asciichart@1.5.25:
    resolution: {integrity: sha512-PNxzXIPPOtWq8T7bgzBtk9cI2lgS4SJZthUHEiQ1aoIc3lNzGfUvIvo9LiAnq26TACo9t1/4qP6KTGAUbzX9Xg==}

  binary-search-bounds@2.0.5:
    resolution: {integrity: sha512-H0ea4Fd3lS1+sTEB2TgcLoK21lLhwEJzlQv3IN47pJS976Gx4zoWe0ak3q+uYh60ppQxg9F16Ri4tS1sfD4+jA==}

  commander@7.2.0:
    resolution: {integrity: sha512-QrWXB+ZQSVPmIWIhtEO9H+gwHaMGYiF5ChvoJ+K9ZGHG/sVsa6yiesAD1GC/x46sET00Xlwo1u49RVVVzvcSkw==}
    engines: {node: '>= 10'}

  d3-array@3.2.4:
    resolution: {integrity: sha512-tdQAmyA18i4J7wprpYq8ClcxZy3SC31QMeByyCFyRt7BVHdREQZ5lpzoe5mFEYZUWe+oq8HBvk9JjpibyEV4Jg==}
    engines: {node: '>=12'}

  d3-axis@3.0.0:
    resolution: {integrity: sha512-IH5tgjV4jE/GhHkRV0HiVYPDtvfjHQlQfJHs0usq7M30XcSBvOotpmH1IgkcXsO/5gEQZD43B//fc7SRT5S+xw==}
    engines: {node: '>=12'}

  d3-brush@3.0.0:
    resolution: {integrity: sha512-ALnjWlVYkXsVIGlOsuWH1+3udkYFI48Ljihfnh8FZPF2QS9o+PzGLBslO0PjzVoHLZ2KCVgAM8NVkXPJB2aNnQ==}
    engines: {node: '>=12'}

  d3-chord@3.0.1:
    resolution: {integrity: sha512-VE5S6TNa+j8msksl7HwjxMHDM2yNK3XCkusIlpX5kwauBfXuyLAtNg9jCp/iHH61tgI4sb6R/EIMWCqEIdjT/g==}
    engines: {node: '>=12'}

  d3-color@3.1.0:
    resolution: {integrity: sha512-zg/chbXyeBtMQ1LbD/WSoW2DpC3I0mpmPdW+ynRTj/x2DAWYrIY7qeZIHidozwV24m4iavr15lNwIwLxRmOxhA==}
    engines: {node: '>=12'}

  d3-contour@4.0.2:
    resolution: {integrity: sha512-4EzFTRIikzs47RGmdxbeUvLWtGedDUNkTcmzoeyg4sP/dvCexO47AaQL7VKy/gul85TOxw+IBgA8US2xwbToNA==}
    engines: {node: '>=12'}

  d3-delaunay@6.0.4:
    resolution: {integrity: sha512-mdjtIZ1XLAM8bm/hx3WwjfHt6Sggek7qH043O8KEjDXN40xi3vx/6pYSVTwLjEgiXQTbvaouWKynLBiUZ6SK6A==}
    engines: {node: '>=12'}

  d3-dispatch@3.0.1:
    resolution: {integrity: sha512-rzUyPU/S7rwUflMyLc1ETDeBj0NRuHKKAcvukozwhshr6g6c5d8zh4c2gQjY2bZ0dXeGLWc1PF174P2tVvKhfg==}
    engines: {node: '>=12'}

  d3-drag@3.0.0:
    resolution: {integrity: sha512-pWbUJLdETVA8lQNJecMxoXfH6x+mO2UQo8rSmZ+QqxcbyA3hfeprFgIT//HW2nlHChWeIIMwS2Fq+gEARkhTkg==}
    engines: {node: '>=12'}

  d3-dsv@3.0.1:
    resolution: {integrity: sha512-UG6OvdI5afDIFP9w4G0mNq50dSOsXHJaRE8arAS5o9ApWnIElp8GZw1Dun8vP8OyHOZ/QJUKUJwxiiCCnUwm+Q==}
    engines: {node: '>=12'}
    hasBin: true

  d3-ease@3.0.1:
    resolution: {integrity: sha512-wR/XK3D3XcLIZwpbvQwQ5fK+8Ykds1ip7A2Txe0yxncXSdq1L9skcG7blcedkOX+ZcgxGAmLX1FrRGbADwzi0w==}
    engines: {node: '>=12'}

  d3-fetch@3.0.1:
    resolution: {integrity: sha512-kpkQIM20n3oLVBKGg6oHrUchHM3xODkTzjMoj7aWQFq5QEM+R6E4WkzT5+tojDY7yjez8KgCBRoj4aEr99Fdqw==}
    engines: {node: '>=12'}

  d3-force@3.0.0:
    resolution: {integrity: sha512-zxV/SsA+U4yte8051P4ECydjD/S+qeYtnaIyAs9tgHCqfguma/aAQDjo85A9Z6EKhBirHRJHXIgJUlffT4wdLg==}
    engines: {node: '>=12'}

  d3-format@3.1.0:
    resolution: {integrity: sha512-YyUI6AEuY/Wpt8KWLgZHsIU86atmikuoOmCfommt0LYHiQSPjvX2AcFc38PX0CBpr2RCyZhjex+NS/LPOv6YqA==}
    engines: {node: '>=12'}

  d3-geo@3.1.1:
    resolution: {integrity: sha512-637ln3gXKXOwhalDzinUgY83KzNWZRKbYubaG+fGVuc/dxO64RRljtCTnf5ecMyE1RIdtqpkVcq0IbtU2S8j2Q==}
    engines: {node: '>=12'}

  d3-hierarchy@3.1.2:
    resolution: {integrity: sha512-FX/9frcub54beBdugHjDCdikxThEqjnR93Qt7PvQTOHxyiNCAlvMrHhclk3cD5VeAaq9fxmfRp+CnWw9rEMBuA==}
    engines: {node: '>=12'}

  d3-interpolate@3.0.1:
    resolution: {integrity: sha512-3bYs1rOD33uo8aqJfKP3JWPAibgw8Zm2+L9vBKEHJ2Rg+viTR7o5Mmv5mZcieN+FRYaAOWX5SJATX6k1PWz72g==}
    engines: {node: '>=12'}

  d3-path@3.1.0:
    resolution: {integrity: sha512-p3KP5HCf/bvjBSSKuXid6Zqijx7wIfNW+J/maPs+iwR35at5JCbLUT0LzF1cnjbCHWhqzQTIN2Jpe8pRebIEFQ==}
    engines: {node: '>=12'}

  d3-polygon@3.0.1:
    resolution: {integrity: sha512-3vbA7vXYwfe1SYhED++fPUQlWSYTTGmFmQiany/gdbiWgU/iEyQzyymwL9SkJjFFuCS4902BSzewVGsHHmHtXg==}
    engines: {node: '>=12'}

  d3-quadtree@3.0.1:
    resolution: {integrity: sha512-04xDrxQTDTCFwP5H6hRhsRcb9xxv2RzkcsygFzmkSIOJy3PeRJP7sNk3VRIbKXcog561P9oU0/rVH6vDROAgUw==}
    engines: {node: '>=12'}

  d3-random@3.0.1:
    resolution: {integrity: sha512-FXMe9GfxTxqd5D6jFsQ+DJ8BJS4E/fT5mqqdjovykEB2oFbTMDVdg1MGFxfQW+FBOGoB++k8swBrgwSHT1cUXQ==}
    engines: {node: '>=12'}

  d3-scale-chromatic@3.1.0:
    resolution: {integrity: sha512-A3s5PWiZ9YCXFye1o246KoscMWqf8BsD9eRiJ3He7C9OBaxKhAd5TFCdEx/7VbKtxxTsu//1mMJFrEt572cEyQ==}
    engines: {node: '>=12'}

  d3-scale@4.0.2:
    resolution: {integrity: sha512-GZW464g1SH7ag3Y7hXjf8RoUuAFIqklOAq3MRl4OaWabTFJY9PN/E1YklhXLh+OQ3fM9yS2nOkCoS+WLZ6kvxQ==}
    engines: {node: '>=12'}

  d3-selection@3.0.0:
    resolution: {integrity: sha512-fmTRWbNMmsmWq6xJV8D19U/gw/bwrHfNXxrIN+HfZgnzqTHp9jOmKMhsTUjXOJnZOdZY9Q28y4yebKzqDKlxlQ==}
    engines: {node: '>=12'}

  d3-shape@3.2.0:
    resolution: {integrity: sha512-SaLBuwGm3MOViRq2ABk3eLoxwZELpH6zhl3FbAoJ7Vm1gofKx6El1Ib5z23NUEhF9AsGl7y+dzLe5Cw2AArGTA==}
    engines: {node: '>=12'}

  d3-time-format@4.1.0:
    resolution: {integrity: sha512-dJxPBlzC7NugB2PDLwo9Q8JiTR3M3e4/XANkreKSUxF8vvXKqm1Yfq4Q5dl8budlunRVlUUaDUgFt7eA8D6NLg==}
    engines: {node: '>=12'}

  d3-time@3.1.0:
    resolution: {integrity: sha512-VqKjzBLejbSMT4IgbmVgDjpkYrNWUYJnbCGo874u7MMKIWsILRX+OpX/gTk8MqjpT1A/c6HY2dCA77ZN0lkQ2Q==}
    engines: {node: '>=12'}

  d3-timer@3.0.1:
    resolution: {integrity: sha512-ndfJ/JxxMd3nw31uyKoY2naivF+r29V+Lc0svZxe1JvvIRmi8hUsrMvdOwgS1o6uBHmiz91geQ0ylPP0aj1VUA==}
    engines: {node: '>=12'}

  d3-transition@3.0.1:
    resolution: {integrity: sha512-ApKvfjsSR6tg06xrL434C0WydLr7JewBB3V+/39RMHsaXTOG0zmt/OAXeng5M5LBm0ojmxJrpomQVZ1aPvBL4w==}
    engines: {node: '>=12'}
    peerDependencies:
      d3-selection: 2 - 3

  d3-zoom@3.0.0:
    resolution: {integrity: sha512-b8AmV3kfQaqWAuacbPuNbL6vahnOJflOhexLzMMNLga62+/nh0JzvJ0aO/5a5MVgUFGS7Hu1P9P03o3fJkDCyw==}
    engines: {node: '>=12'}

  d3@7.9.0:
    resolution: {integrity: sha512-e1U46jVP+w7Iut8Jt8ri1YsPOvFpg46k+K8TpCb0P+zjCkjkPnV7WzfDJzMHy1LnA+wj5pLT1wjO901gLXeEhA==}
    engines: {node: '>=12'}

  delaunator@5.0.1:
    resolution: {integrity: sha512-8nvh+XBe96aCESrGOqMp/84b13H9cdKbG5P2ejQCh4d4sK9RL4371qou9drQjMhvnPmhWl5hnmqbEE0fXr9Xnw==}

  esbuild@0.23.1:
    resolution: {integrity: sha512-VVNz/9Sa0bs5SELtn3f7qhJCDPCF5oMEl5cO9/SSinpE9hbPVvxbd572HH5AKiP7WD8INO53GgfDDhRjkylHEg==}
    engines: {node: '>=18'}
    hasBin: true

  fetch-retry@6.0.0:
    resolution: {integrity: sha512-BUFj1aMubgib37I3v4q78fYo63Po7t4HUPTpQ6/QE6yK6cIQrP+W43FYToeTEyg5m2Y7eFUtijUuAv/PDlWuag==}

  fsevents@2.3.3:
    resolution: {integrity: sha512-5xoDfX+fL7faATnagmWPpbFtwh/R77WmMMqqHGS65C3vvB0YHrgF+B1YmZ3441tMj5n63k0212XNoJwzlhffQw==}
    engines: {node: ^8.16.0 || ^10.6.0 || >=11.0.0}
    os: [darwin]

  get-tsconfig@4.10.0:
    resolution: {integrity: sha512-kGzZ3LWWQcGIAmg6iWvXn0ei6WDtV26wzHRMwDSzmAbcXrTEXxHy6IehI6/4eT6VRKyMP1eF1VqwrVUmE/LR7A==}

  hono@4.6.19:
    resolution: {integrity: sha512-Xw5DwU2cewEsQ1DkDCdy6aBJkEBARl5loovoL1gL3/gw81RdaPbXrNJYp3LoQpzpJ7ECC/1OFi/vn3UZTLHFEw==}
    engines: {node: '>=16.9.0'}

  iconv-lite@0.6.3:
    resolution: {integrity: sha512-4fCk79wshMdzMp2rH06qWrJE4iolqLhCUH+OiuIgU++RB0+94NlDL81atO7GX55uUKueo0txHNtvEyI6D7WdMw==}
    engines: {node: '>=0.10.0'}

  inherits@2.0.4:
    resolution: {integrity: sha512-k/vGaX4/Yla3WzyMCvTQOXYeIHvqOKtnqBduzTHpzpQZzAskKMhZ2K+EnBiSM9zGSoIFeMpXKxa4dYeZIQqewQ==}

  internmap@2.0.3:
    resolution: {integrity: sha512-5Hh7Y1wQbvY5ooGgPbDaL5iYLAPzMTUrjMulskHLH6wnv/A+1q5rgEaiuqEjB+oxGXIVZs1FF+R/KPN3ZSQYYg==}
    engines: {node: '>=12'}

  interval-tree-1d@1.0.4:
    resolution: {integrity: sha512-wY8QJH+6wNI0uh4pDQzMvl+478Qh7Rl4qLmqiluxALlNvl+I+o5x38Pw3/z7mDPTPS1dQalZJXsmbvxx5gclhQ==}

  isoformat@0.2.1:
    resolution: {integrity: sha512-tFLRAygk9NqrRPhJSnNGh7g7oaVWDwR0wKh/GM2LgmPa50Eg4UfyaCO4I8k6EqJHl1/uh2RAD6g06n5ygEnrjQ==}

  json-stringify-safe@5.0.1:
    resolution: {integrity: sha512-ZClg6AaYvamvYEE82d3Iyd3vSSIjQ+odgjaTzRuO3s7toCdFKczob2i0zCh7JE8kWn17yvAWhUVxvqGwUalsRA==}

  minimist@1.2.8:
    resolution: {integrity: sha512-2yyAR8qBkN3YuheJanUpWC5U3bb5osDywNB8RzDVlDwDHbocAJveqqj1u8+SVD7jkWT4yvsHCpWqqWqAxb0zCA==}

  ndjson@2.0.0:
    resolution: {integrity: sha512-nGl7LRGrzugTtaFcJMhLbpzJM6XdivmbkdlaGcrk/LXg2KL/YBC6z1g70xh0/al+oFuVFP8N8kiWRucmeEH/qQ==}
    engines: {node: '>=10'}
    hasBin: true

  readable-stream@3.6.2:
    resolution: {integrity: sha512-9u/sniCrY3D5WdsERHzHE4G2YCXqoG5FTHUiCC4SIbr6XcLZBY05ya9EKjYek9O5xOAwjGq+1JdGBAS7Q9ScoA==}
    engines: {node: '>= 6'}

  resolve-pkg-maps@1.0.0:
    resolution: {integrity: sha512-seS2Tj26TBVOC2NIc2rOe2y2ZO7efxITtLZcGSOnHHNOQ7CkiUBfw0Iw2ck6xkIhPwLhKNLS8BO+hEpngQlqzw==}

  robust-predicates@3.0.2:
    resolution: {integrity: sha512-IXgzBWvWQwE6PrDI05OvmXUIruQTcoMDzRsOd5CDvHCVLcLHMTSYvOK5Cm46kWqlV3yAbuSpBZdJ5oP5OUoStg==}

  rw@1.3.3:
    resolution: {integrity: sha512-PdhdWy89SiZogBLaw42zdeqtRJ//zFd2PgQavcICDUgJT5oW10QCRKbJ6bg4r0/UY2M6BWd5tkxuGFRvCkgfHQ==}

  safe-buffer@5.2.1:
    resolution: {integrity: sha512-rp3So07KcdmmKbGvgaNxQSJr7bGVSVk5S9Eq1F+ppbRo70+YeaDxkw5Dd8NPN+GD6bjnYm2VuPuCXmpuYvmCXQ==}

  safer-buffer@2.1.2:
    resolution: {integrity: sha512-YZo3K82SD7Riyi0E1EQPojLz7kpepnSQI9IyPbHHg1XXXevb5dJI7tpyN2ADxGcQbHG7vcyRHk0cbwqcQriUtg==}

  split2@3.2.2:
    resolution: {integrity: sha512-9NThjpgZnifTkJpzTZ7Eue85S49QwpNhZTq6GRJwObb6jnLFNGB7Qm73V5HewTROPyxD0C29xqmaI68bQtV+hg==}

  string_decoder@1.3.0:
    resolution: {integrity: sha512-hkRX8U1WjJFd8LsDJ2yQ/wWWxaopEsABU1XfkM8A+j0+85JAGppt16cr1Whg6KIbb4okU6Mql6BOj+uup/wKeA==}

  through2@4.0.2:
    resolution: {integrity: sha512-iOqSav00cVxEEICeD7TjLB1sueEL+81Wpzp2bY17uZjZN0pWZPuo4suZ/61VujxmqSGFfgOcNuTZ85QJwNZQpw==}

  tsx@4.19.2:
    resolution: {integrity: sha512-pOUl6Vo2LUq/bSa8S5q7b91cgNSjctn9ugq/+Mvow99qW6x/UZYwzxy/3NmqoT66eHYfCVvFvACC58UBPFf28g==}
    engines: {node: '>=18.0.0'}
    hasBin: true

  undici-types@6.19.8:
    resolution: {integrity: sha512-ve2KP6f/JnbPBFyobGHuerC9g1FYGn/F8n1LWTwNxCEzd6IfqTwUQcNXgEtmmQ6DlRrC1hrSrBnCZPokRrDHjw==}

  util-deprecate@1.0.2:
    resolution: {integrity: sha512-EPD5q1uXyFxJpCrLnCc1nHnq3gOa6DZBocAIiI2TaSCA7VCJ1UJDMagCzIkXNsUYfD1daK//LTEQ8xiIbrHtcw==}

  uuid@11.0.5:
    resolution: {integrity: sha512-508e6IcKLrhxKdBbcA2b4KQZlLVp2+J5UwQ6F7Drckkc5N9ZJwFa4TgWtsww9UG8fGHbm6gbV19TdM5pQ4GaIA==}
    hasBin: true

snapshots:

  '@axiomhq/js@1.3.1':
    dependencies:
      fetch-retry: 6.0.0
      uuid: 11.0.5

  '@esbuild/aix-ppc64@0.23.1':
    optional: true

  '@esbuild/android-arm64@0.23.1':
    optional: true

  '@esbuild/android-arm@0.23.1':
    optional: true

  '@esbuild/android-x64@0.23.1':
    optional: true

  '@esbuild/darwin-arm64@0.23.1':
    optional: true

  '@esbuild/darwin-x64@0.23.1':
    optional: true

  '@esbuild/freebsd-arm64@0.23.1':
    optional: true

  '@esbuild/freebsd-x64@0.23.1':
    optional: true

  '@esbuild/linux-arm64@0.23.1':
    optional: true

  '@esbuild/linux-arm@0.23.1':
    optional: true

  '@esbuild/linux-ia32@0.23.1':
    optional: true

  '@esbuild/linux-loong64@0.23.1':
    optional: true

  '@esbuild/linux-mips64el@0.23.1':
    optional: true

  '@esbuild/linux-ppc64@0.23.1':
    optional: true

  '@esbuild/linux-riscv64@0.23.1':
    optional: true

  '@esbuild/linux-s390x@0.23.1':
    optional: true

  '@esbuild/linux-x64@0.23.1':
    optional: true

  '@esbuild/netbsd-x64@0.23.1':
    optional: true

  '@esbuild/openbsd-arm64@0.23.1':
    optional: true

  '@esbuild/openbsd-x64@0.23.1':
    optional: true

  '@esbuild/sunos-x64@0.23.1':
    optional: true

  '@esbuild/win32-arm64@0.23.1':
    optional: true

  '@esbuild/win32-ia32@0.23.1':
    optional: true

  '@esbuild/win32-x64@0.23.1':
    optional: true

  '@hono/node-server@1.13.7(hono@4.6.19)':
    dependencies:
      hono: 4.6.19

  '@observablehq/plot@0.6.16':
    dependencies:
      d3: 7.9.0
      interval-tree-1d: 1.0.4
      isoformat: 0.2.1

  '@types/asciichart@1.5.8': {}

  '@types/node@20.17.16':
    dependencies:
      undici-types: 6.19.8

  asciichart@1.5.25: {}

  binary-search-bounds@2.0.5: {}

  commander@7.2.0: {}

  d3-array@3.2.4:
    dependencies:
      internmap: 2.0.3

  d3-axis@3.0.0: {}

  d3-brush@3.0.0:
    dependencies:
      d3-dispatch: 3.0.1
      d3-drag: 3.0.0
      d3-interpolate: 3.0.1
      d3-selection: 3.0.0
      d3-transition: 3.0.1(d3-selection@3.0.0)

  d3-chord@3.0.1:
    dependencies:
      d3-path: 3.1.0

  d3-color@3.1.0: {}

  d3-contour@4.0.2:
    dependencies:
      d3-array: 3.2.4

  d3-delaunay@6.0.4:
    dependencies:
      delaunator: 5.0.1

  d3-dispatch@3.0.1: {}

  d3-drag@3.0.0:
    dependencies:
      d3-dispatch: 3.0.1
      d3-selection: 3.0.0

  d3-dsv@3.0.1:
    dependencies:
      commander: 7.2.0
      iconv-lite: 0.6.3
      rw: 1.3.3

  d3-ease@3.0.1: {}

  d3-fetch@3.0.1:
    dependencies:
      d3-dsv: 3.0.1

  d3-force@3.0.0:
    dependencies:
      d3-dispatch: 3.0.1
      d3-quadtree: 3.0.1
      d3-timer: 3.0.1

  d3-format@3.1.0: {}

  d3-geo@3.1.1:
    dependencies:
      d3-array: 3.2.4

  d3-hierarchy@3.1.2: {}

  d3-interpolate@3.0.1:
    dependencies:
      d3-color: 3.1.0

  d3-path@3.1.0: {}

  d3-polygon@3.0.1: {}

  d3-quadtree@3.0.1: {}

  d3-random@3.0.1: {}

  d3-scale-chromatic@3.1.0:
    dependencies:
      d3-color: 3.1.0
      d3-interpolate: 3.0.1

  d3-scale@4.0.2:
    dependencies:
      d3-array: 3.2.4
      d3-format: 3.1.0
      d3-interpolate: 3.0.1
      d3-time: 3.1.0
      d3-time-format: 4.1.0

  d3-selection@3.0.0: {}

  d3-shape@3.2.0:
    dependencies:
      d3-path: 3.1.0

  d3-time-format@4.1.0:
    dependencies:
      d3-time: 3.1.0

  d3-time@3.1.0:
    dependencies:
      d3-array: 3.2.4

  d3-timer@3.0.1: {}

  d3-transition@3.0.1(d3-selection@3.0.0):
    dependencies:
      d3-color: 3.1.0
      d3-dispatch: 3.0.1
      d3-ease: 3.0.1
      d3-interpolate: 3.0.1
      d3-selection: 3.0.0
      d3-timer: 3.0.1

  d3-zoom@3.0.0:
    dependencies:
      d3-dispatch: 3.0.1
      d3-drag: 3.0.0
      d3-interpolate: 3.0.1
      d3-selection: 3.0.0
      d3-transition: 3.0.1(d3-selection@3.0.0)

  d3@7.9.0:
    dependencies:
      d3-array: 3.2.4
      d3-axis: 3.0.0
      d3-brush: 3.0.0
      d3-chord: 3.0.1
      d3-color: 3.1.0
      d3-contour: 4.0.2
      d3-delaunay: 6.0.4
      d3-dispatch: 3.0.1
      d3-drag: 3.0.0
      d3-dsv: 3.0.1
      d3-ease: 3.0.1
      d3-fetch: 3.0.1
      d3-force: 3.0.0
      d3-format: 3.1.0
      d3-geo: 3.1.1
      d3-hierarchy: 3.1.2
      d3-interpolate: 3.0.1
      d3-path: 3.1.0
      d3-polygon: 3.0.1
      d3-quadtree: 3.0.1
      d3-random: 3.0.1
      d3-scale: 4.0.2
      d3-scale-chromatic: 3.1.0
      d3-selection: 3.0.0
      d3-shape: 3.2.0
      d3-time: 3.1.0
      d3-time-format: 4.1.0
      d3-timer: 3.0.1
      d3-transition: 3.0.1(d3-selection@3.0.0)
      d3-zoom: 3.0.0

  delaunator@5.0.1:
    dependencies:
      robust-predicates: 3.0.2

  esbuild@0.23.1:
    optionalDependencies:
      '@esbuild/aix-ppc64': 0.23.1
      '@esbuild/android-arm': 0.23.1
      '@esbuild/android-arm64': 0.23.1
      '@esbuild/android-x64': 0.23.1
      '@esbuild/darwin-arm64': 0.23.1
      '@esbuild/darwin-x64': 0.23.1
      '@esbuild/freebsd-arm64': 0.23.1
      '@esbuild/freebsd-x64': 0.23.1
      '@esbuild/linux-arm': 0.23.1
      '@esbuild/linux-arm64': 0.23.1
      '@esbuild/linux-ia32': 0.23.1
      '@esbuild/linux-loong64': 0.23.1
      '@esbuild/linux-mips64el': 0.23.1
      '@esbuild/linux-ppc64': 0.23.1
      '@esbuild/linux-riscv64': 0.23.1
      '@esbuild/linux-s390x': 0.23.1
      '@esbuild/linux-x64': 0.23.1
      '@esbuild/netbsd-x64': 0.23.1
      '@esbuild/openbsd-arm64': 0.23.1
      '@esbuild/openbsd-x64': 0.23.1
      '@esbuild/sunos-x64': 0.23.1
      '@esbuild/win32-arm64': 0.23.1
      '@esbuild/win32-ia32': 0.23.1
      '@esbuild/win32-x64': 0.23.1

  fetch-retry@6.0.0: {}

  fsevents@2.3.3:
    optional: true

  get-tsconfig@4.10.0:
    dependencies:
      resolve-pkg-maps: 1.0.0

  hono@4.6.19: {}

  iconv-lite@0.6.3:
    dependencies:
      safer-buffer: 2.1.2

  inherits@2.0.4: {}

  internmap@2.0.3: {}

  interval-tree-1d@1.0.4:
    dependencies:
      binary-search-bounds: 2.0.5

  isoformat@0.2.1: {}

  json-stringify-safe@5.0.1: {}

  minimist@1.2.8: {}

  ndjson@2.0.0:
    dependencies:
      json-stringify-safe: 5.0.1
      minimist: 1.2.8
      readable-stream: 3.6.2
      split2: 3.2.2
      through2: 4.0.2

  readable-stream@3.6.2:
    dependencies:
      inherits: 2.0.4
      string_decoder: 1.3.0
      util-deprecate: 1.0.2

  resolve-pkg-maps@1.0.0: {}

  robust-predicates@3.0.2: {}

  rw@1.3.3: {}

  safe-buffer@5.2.1: {}

  safer-buffer@2.1.2: {}

  split2@3.2.2:
    dependencies:
      readable-stream: 3.6.2

  string_decoder@1.3.0:
    dependencies:
      safe-buffer: 5.2.1

  through2@4.0.2:
    dependencies:
      readable-stream: 3.6.2

  tsx@4.19.2:
    dependencies:
      esbuild: 0.23.1
      get-tsconfig: 4.10.0
    optionalDependencies:
      fsevents: 2.3.3

  undici-types@6.19.8: {}

  util-deprecate@1.0.2: {}

  uuid@11.0.5: {}
